
Microsoft Visual Studio Solution File, Format Version 12.00
# Visual Studio Version 17
VisualStudioVersion = 17.11.35327.3
MinimumVisualStudioVersion = 10.0.40219.1
Project("{FAE04EC0-301F-11D3-BF4B-00C04F79EFBC}") = "AppCyberGame", "AppCyberGame\AppCyberGame.csproj", "{1E031081-7CC2-4D93-B8EB-EDC7A5C0A1C9}"
EndProject
Global
	GlobalSection(SolutionConfigurationPlatforms) = preSolution
		Debug|Any CPU = Debug|Any CPU
		Release|Any CPU = Release|Any CPU
	EndGlobalSection
	GlobalSection(ProjectConfigurationPlatforms) = postSolution
		{1E031081-7CC2-4D93-B8EB-EDC7A5C0A1C9}.Debug|Any CPU.ActiveCfg = Debug|Any CPU
		{1E031081-7CC2-4D93-B8EB-EDC7A5C0A1C9}.Debug|Any CPU.Build.0 = Debug|Any CPU
		{1E031081-7CC2-4D93-B8EB-EDC7A5C0A1C9}.Release|Any CPU.ActiveCfg = Release|Any CPU
		{1E031081-7CC2-4D93-B8EB-EDC7A5C0A1C9}.Release|Any CPU.Build.0 = Release|Any CPU
	EndGlobalSection
	GlobalSection(SolutionProperties) = preSolution
		HideSolutionNode = FALSE
	EndGlobalSection
	GlobalSection(ExtensibilityGlobals) = postSolution
		SolutionGuid = {7DACA5FB-576F-4E35-A27F-C900D5BEAD32}
	EndGlobalSection
EndGlobal
